
Microsoft Visual Studio Solution File, Format Version 12.00
# Visual Studio Version 16
VisualStudioVersion = 16.0.32630.194
MinimumVisualStudioVersion = 10.0.40219.1
Project("{8BC9CEB8-8B4A-11D0-8D11-00A0C91BC942}") = "ToyGame", "ToyGame\ToyGame.vcxproj", "{348D9B03-2501-4751-8ED8-EF9FD0D68F79}"
EndProject
Project("{8BC9CEB8-8B4A-11D0-8D11-00A0C91BC942}") = "PROJECT", "PROJECT\PROJECT.vcxproj", "{8B28F6D8-9E95-4427-95A5-A0F4A4610222}"
EndProject
Global
	GlobalSection(SolutionConfigurationPlatforms) = preSolution
		Debug|Any CPU = Debug|Any CPU
		Debug|x64 = Debug|x64
		Release|Any CPU = Release|Any CPU
		Release|x64 = Release|x64
	EndGlobalSection
	GlobalSection(ProjectConfigurationPlatforms) = postSolution
		{348D9B03-2501-4751-8ED8-EF9FD0D68F79}.Debug|Any CPU.ActiveCfg = Debug|Win32
		{348D9B03-2501-4751-8ED8-EF9FD0D68F79}.Debug|x64.ActiveCfg = Debug|x64
		{348D9B03-2501-4751-8ED8-EF9FD0D68F79}.Debug|x64.Build.0 = Debug|x64
		{348D9B03-2501-4751-8ED8-EF9FD0D68F79}.Release|Any CPU.ActiveCfg = Release|Win32
		{348D9B03-2501-4751-8ED8-EF9FD0D68F79}.Release|x64.ActiveCfg = Release|x64
		{348D9B03-2501-4751-8ED8-EF9FD0D68F79}.Release|x64.Build.0 = Release|x64
		{8B28F6D8-9E95-4427-95A5-A0F4A4610222}.Debug|Any CPU.ActiveCfg = Debug|Win32
		{8B28F6D8-9E95-4427-95A5-A0F4A4610222}.Debug|x64.ActiveCfg = Debug|x64
		{8B28F6D8-9E95-4427-95A5-A0F4A4610222}.Debug|x64.Build.0 = Debug|x64
		{8B28F6D8-9E95-4427-95A5-A0F4A4610222}.Release|Any CPU.ActiveCfg = Release|Win32
		{8B28F6D8-9E95-4427-95A5-A0F4A4610222}.Release|x64.ActiveCfg = Release|x64
		{8B28F6D8-9E95-4427-95A5-A0F4A4610222}.Release|x64.Build.0 = Release|x64
	EndGlobalSection
	GlobalSection(SolutionProperties) = preSolution
		HideSolutionNode = FALSE
	EndGlobalSection
	GlobalSection(ExtensibilityGlobals) = postSolution
		SolutionGuid = {7F25FFA2-13C5-4092-85C8-20871981DC37}
	EndGlobalSection
EndGlobal
